
Microsoft Visual Studio Solution File, Format Version 12.00
# Visual Studio Version 17
VisualStudioVersion = 17.8.34330.188
MinimumVisualStudioVersion = 10.0.40219.1
Project("{2150E333-8FDC-42A3-9474-1A3956D46DE8}") = "Core", "Core", "{8567A535-EA86-437C-8BE8-E8567526D46B}"
EndProject
Project("{FAE04EC0-301F-11D3-BF4B-00C04F79EFBC}") = "OfferManagementSystem.Domain", "OfferManagementSystem.Domain\OfferManagementSystem.Domain.csproj", "{323704C7-6EDD-4413-9858-4990F4248D8C}"
EndProject
Global
	GlobalSection(SolutionConfigurationPlatforms) = preSolution
		Debug|Any CPU = Debug|Any CPU
		Release|Any CPU = Release|Any CPU
	EndGlobalSection
	GlobalSection(ProjectConfigurationPlatforms) = postSolution
		{323704C7-6EDD-4413-9858-4990F4248D8C}.Debug|Any CPU.ActiveCfg = Debug|Any CPU
		{323704C7-6EDD-4413-9858-4990F4248D8C}.Debug|Any CPU.Build.0 = Debug|Any CPU
		{323704C7-6EDD-4413-9858-4990F4248D8C}.Release|Any CPU.ActiveCfg = Release|Any CPU
		{323704C7-6EDD-4413-9858-4990F4248D8C}.Release|Any CPU.Build.0 = Release|Any CPU
	EndGlobalSection
	GlobalSection(SolutionProperties) = preSolution
		HideSolutionNode = FALSE
	EndGlobalSection
	GlobalSection(NestedProjects) = preSolution
		{323704C7-6EDD-4413-9858-4990F4248D8C} = {8567A535-EA86-437C-8BE8-E8567526D46B}
	EndGlobalSection
	GlobalSection(ExtensibilityGlobals) = postSolution
		SolutionGuid = {C0B10FFF-1996-4C84-A98C-DCAFB1F36F07}
	EndGlobalSection
EndGlobal
